
Microsoft Visual Studio Solution File, Format Version 11.00
# Visual Studio 2010
Project("{FAE04EC0-301F-11D3-BF4B-00C04F79EFBC}") = "ClockControl", "ClockControl\ClockControl.csproj", "{FBF8A2EA-6B88-44EF-AAF9-6ED282DE700E}"
EndProject
Global
	GlobalSection(SolutionConfigurationPlatforms) = preSolution
		Debug|Any CPU = Debug|Any CPU
		Release|Any CPU = Release|Any CPU
	EndGlobalSection
	GlobalSection(ProjectConfigurationPlatforms) = postSolution
		{FBF8A2EA-6B88-44EF-AAF9-6ED282DE700E}.Debug|Any CPU.ActiveCfg = Debug|Any CPU
		{FBF8A2EA-6B88-44EF-AAF9-6ED282DE700E}.Debug|Any CPU.Build.0 = Debug|Any CPU
		{FBF8A2EA-6B88-44EF-AAF9-6ED282DE700E}.Release|Any CPU.ActiveCfg = Release|Any CPU
		{FBF8A2EA-6B88-44EF-AAF9-6ED282DE700E}.Release|Any CPU.Build.0 = Release|Any CPU
	EndGlobalSection
	GlobalSection(SolutionProperties) = preSolution
		HideSolutionNode = FALSE
	EndGlobalSection
EndGlobal
