
Microsoft Visual Studio Solution File, Format Version 11.00
# Visual Studio 2010
Project("{FAE04EC0-301F-11D3-BF4B-00C04F79EFBC}") = "TimerCurrent", "TimerCurrent\TimerCurrent.csproj", "{1274B8CC-009D-47E6-B770-540EA037FC98}"
EndProject
Global
	GlobalSection(SolutionConfigurationPlatforms) = preSolution
		Debug|Any CPU = Debug|Any CPU
		Release|Any CPU = Release|Any CPU
	EndGlobalSection
	GlobalSection(ProjectConfigurationPlatforms) = postSolution
		{1274B8CC-009D-47E6-B770-540EA037FC98}.Debug|Any CPU.ActiveCfg = Debug|Any CPU
		{1274B8CC-009D-47E6-B770-540EA037FC98}.Debug|Any CPU.Build.0 = Debug|Any CPU
		{1274B8CC-009D-47E6-B770-540EA037FC98}.Release|Any CPU.ActiveCfg = Release|Any CPU
		{1274B8CC-009D-47E6-B770-540EA037FC98}.Release|Any CPU.Build.0 = Release|Any CPU
	EndGlobalSection
	GlobalSection(SolutionProperties) = preSolution
		HideSolutionNode = FALSE
	EndGlobalSection
EndGlobal
